
Microsoft Visual Studio Solution File, Format Version 12.00
# Visual Studio Version 16
VisualStudioVersion = 16.0.30011.22
MinimumVisualStudioVersion = 10.0.40219.1
Project("{FAE04EC0-301F-11D3-BF4B-00C04F79EFBC}") = "Lommeregner_backend", "Lommeregner_backend\Lommeregner_backend.csproj", "{DCFA1D12-7E57-43CB-A5CA-8D17244EBD0C}"
EndProject
Project("{FAE04EC0-301F-11D3-BF4B-00C04F79EFBC}") = "Lommeregner_Test", "Lommeregner_Test\Lommeregner_Test.csproj", "{646285A0-3DF4-4D28-876D-94B7CC8D8F85}"
EndProject
Project("{FAE04EC0-301F-11D3-BF4B-00C04F79EFBC}") = "Lommeregner_Web", "Lommeregner_Web\Lommeregner_Web.csproj", "{910CA513-77E3-47CF-B455-D5F558B75D06}"
EndProject
Global
	GlobalSection(SolutionConfigurationPlatforms) = preSolution
		Debug|Any CPU = Debug|Any CPU
		Release|Any CPU = Release|Any CPU
	EndGlobalSection
	GlobalSection(ProjectConfigurationPlatforms) = postSolution
		{DCFA1D12-7E57-43CB-A5CA-8D17244EBD0C}.Debug|Any CPU.ActiveCfg = Debug|Any CPU
		{DCFA1D12-7E57-43CB-A5CA-8D17244EBD0C}.Debug|Any CPU.Build.0 = Debug|Any CPU
		{DCFA1D12-7E57-43CB-A5CA-8D17244EBD0C}.Release|Any CPU.ActiveCfg = Release|Any CPU
		{DCFA1D12-7E57-43CB-A5CA-8D17244EBD0C}.Release|Any CPU.Build.0 = Release|Any CPU
		{646285A0-3DF4-4D28-876D-94B7CC8D8F85}.Debug|Any CPU.ActiveCfg = Debug|Any CPU
		{646285A0-3DF4-4D28-876D-94B7CC8D8F85}.Debug|Any CPU.Build.0 = Debug|Any CPU
		{646285A0-3DF4-4D28-876D-94B7CC8D8F85}.Release|Any CPU.ActiveCfg = Release|Any CPU
		{646285A0-3DF4-4D28-876D-94B7CC8D8F85}.Release|Any CPU.Build.0 = Release|Any CPU
		{910CA513-77E3-47CF-B455-D5F558B75D06}.Debug|Any CPU.ActiveCfg = Debug|Any CPU
		{910CA513-77E3-47CF-B455-D5F558B75D06}.Debug|Any CPU.Build.0 = Debug|Any CPU
		{910CA513-77E3-47CF-B455-D5F558B75D06}.Release|Any CPU.ActiveCfg = Release|Any CPU
		{910CA513-77E3-47CF-B455-D5F558B75D06}.Release|Any CPU.Build.0 = Release|Any CPU
	EndGlobalSection
	GlobalSection(SolutionProperties) = preSolution
		HideSolutionNode = FALSE
	EndGlobalSection
	GlobalSection(ExtensibilityGlobals) = postSolution
		SolutionGuid = {E274987B-29E2-478D-AF00-5C74F6746340}
	EndGlobalSection
EndGlobal
